Microsoft Visual Studio Solution File, Format Version 12.00
# Visual Studio Express 2012 for Windows Desktop
Project("{FAE04EC0-301F-11D3-BF4B-00C04F79EFBC}") = "PatternsPractice", "PatternsPractice\PatternsPractice.csproj", "{4782C65C-8ECA-484A-ABBF-C78685A8770D}"
EndProject
Project("{FAE04EC0-301F-11D3-BF4B-00C04F79EFBC}") = "RealWorld", "RealWorld\RealWorld.csproj", "{EC6063C5-1FA6-4695-93C8-F6D2E0663607}"
EndProject
Project("{FAE04EC0-301F-11D3-BF4B-00C04F79EFBC}") = "RealWorldTests", "RealWorldTests\RealWorldTests.csproj", "{DCD37C92-C53F-44DA-9134-5FB9F08C3F85}"
EndProject
Project("{2150E333-8FDC-42A3-9474-1A3956D46DE8}") = ".nuget", ".nuget", "{EAA97A03-7526-41D7-95B5-02610F5FD794}"
	ProjectSection(SolutionItems) = preProject
		.nuget\packages.config = .nuget\packages.config
	EndProjectSection
EndProject
Global
	GlobalSection(SolutionConfigurationPlatforms) = preSolution
		Debug|Any CPU = Debug|Any CPU
		Release|Any CPU = Release|Any CPU
	EndGlobalSection
	GlobalSection(ProjectConfigurationPlatforms) = postSolution
		{4782C65C-8ECA-484A-ABBF-C78685A8770D}.Debug|Any CPU.ActiveCfg = Debug|Any CPU
		{4782C65C-8ECA-484A-ABBF-C78685A8770D}.Debug|Any CPU.Build.0 = Debug|Any CPU
		{4782C65C-8ECA-484A-ABBF-C78685A8770D}.Release|Any CPU.ActiveCfg = Release|Any CPU
		{4782C65C-8ECA-484A-ABBF-C78685A8770D}.Release|Any CPU.Build.0 = Release|Any CPU
		{EC6063C5-1FA6-4695-93C8-F6D2E0663607}.Debug|Any CPU.ActiveCfg = Debug|Any CPU
		{EC6063C5-1FA6-4695-93C8-F6D2E0663607}.Debug|Any CPU.Build.0 = Debug|Any CPU
		{EC6063C5-1FA6-4695-93C8-F6D2E0663607}.Release|Any CPU.ActiveCfg = Release|Any CPU
		{EC6063C5-1FA6-4695-93C8-F6D2E0663607}.Release|Any CPU.Build.0 = Release|Any CPU
		{DCD37C92-C53F-44DA-9134-5FB9F08C3F85}.Debug|Any CPU.ActiveCfg = Debug|Any CPU
		{DCD37C92-C53F-44DA-9134-5FB9F08C3F85}.Debug|Any CPU.Build.0 = Debug|Any CPU
		{DCD37C92-C53F-44DA-9134-5FB9F08C3F85}.Release|Any CPU.ActiveCfg = Release|Any CPU
		{DCD37C92-C53F-44DA-9134-5FB9F08C3F85}.Release|Any CPU.Build.0 = Release|Any CPU
	EndGlobalSection
	GlobalSection(SolutionProperties) = preSolution
		HideSolutionNode = FALSE
	EndGlobalSection
EndGlobal
